
Microsoft Visual Studio Solution File, Format Version 12.00
# Visual Studio Version 16
VisualStudioVersion = 16.0.31019.35
MinimumVisualStudioVersion = 10.0.40219.1
Project("{FAE04EC0-301F-11D3-BF4B-00C04F79EFBC}") = "multipleUserControlsExample", "tyerRecyclingStation\multipleUserControlsExample.csproj", "{B64E56AC-D07F-48BB-996A-8F0EA22BE86D}"
EndProject
Global
	GlobalSection(SolutionConfigurationPlatforms) = preSolution
		Debug|Any CPU = Debug|Any CPU
		Release|Any CPU = Release|Any CPU
	EndGlobalSection
	GlobalSection(ProjectConfigurationPlatforms) = postSolution
		{B64E56AC-D07F-48BB-996A-8F0EA22BE86D}.Debug|Any CPU.ActiveCfg = Debug|Any CPU
		{B64E56AC-D07F-48BB-996A-8F0EA22BE86D}.Debug|Any CPU.Build.0 = Debug|Any CPU
		{B64E56AC-D07F-48BB-996A-8F0EA22BE86D}.Release|Any CPU.ActiveCfg = Release|Any CPU
		{B64E56AC-D07F-48BB-996A-8F0EA22BE86D}.Release|Any CPU.Build.0 = Release|Any CPU
	EndGlobalSection
	GlobalSection(SolutionProperties) = preSolution
		HideSolutionNode = FALSE
	EndGlobalSection
	GlobalSection(ExtensibilityGlobals) = postSolution
		SolutionGuid = {479EE5CF-0368-41CE-B9D2-244F7D95741E}
	EndGlobalSection
EndGlobal
